# This file is generated by running "yarn install" inside your project.
# Manual changes might be lost - proceed with caution!

__metadata:
  version: 6
  cacheKey: 8

"@gear-js/program@workspace:.":
  version: 0.0.0-use.local
  resolution: "@gear-js/program@workspace:."
  dependencies:
    "@types/inquirer": ^8.2.1
    "@types/node": ^17.0.35
    commander: ^9.2.0
    typescript: ^4.7.2
  peerDependencies:
    "@gear-js/api": ^0.25.6
    "@polkadot/api": ^9.3.2
  bin:
    gear-lib-gen: build/cli/app.js
  languageName: unknown
  linkType: soft

"@types/inquirer@npm:^8.2.1":
  version: 8.2.1
  resolution: "@types/inquirer@npm:8.2.1"
  dependencies:
    "@types/through": "*"
    rxjs: ^7.2.0
  checksum: 5362d0b1cbec3887c9d5a671a0b19c58cf54066456c8967dd7ee799dfcc242cc8cd8959440c0f2fe7768becaf721b45fd30c222e6b9bcca378f45c68af43bab5
  languageName: node
  linkType: hard

"@types/node@npm:*":
  version: 18.0.3
  resolution: "@types/node@npm:18.0.3"
  checksum: 5dec59fbbc1186c808b53df1ca717dad034dbd6a901c75f5b052c845618b531b05f27217122c6254db99529a68618e4cfc534ae3dbf4e88754e9e572df80defa
  languageName: node
  linkType: hard

"@types/node@npm:^17.0.35":
  version: 17.0.45
  resolution: "@types/node@npm:17.0.45"
  checksum: aa04366b9103b7d6cfd6b2ef64182e0eaa7d4462c3f817618486ea0422984c51fc69fd0d436eae6c9e696ddfdbec9ccaa27a917f7c2e8c75c5d57827fe3d95e8
  languageName: node
  linkType: hard

"@types/through@npm:*":
  version: 0.0.30
  resolution: "@types/through@npm:0.0.30"
  dependencies:
    "@types/node": "*"
  checksum: 9578470db0b527c26e246a1220ae9bffc6bf47f20f89c54aac467c083ab1f7e16c00d9a7b4bb6cb4e2dfae465027270827e5908a6236063f6214625e50585d78
  languageName: node
  linkType: hard

"commander@npm:^9.2.0":
  version: 9.3.0
  resolution: "commander@npm:9.3.0"
  checksum: d421ce66fee25792a1470c69aa8d1b86434bf873a96483aa92c8267f81a6f20c6f7c426f5e82f88ac50a8ec4855d3f2787aebcdef8aa559e1080a2337a95a217
  languageName: node
  linkType: hard

"rxjs@npm:^7.2.0":
  version: 7.5.6
  resolution: "rxjs@npm:7.5.6"
  dependencies:
    tslib: ^2.1.0
  checksum: fc05f01364a74dac57490fb3e07ea63b422af04017fae1db641a009073f902ef69f285c5daac31359620dc8d9aee7d81e42b370ca2a8573d1feae0b04329383b
  languageName: node
  linkType: hard

"tslib@npm:^2.1.0":
  version: 2.4.0
  resolution: "tslib@npm:2.4.0"
  checksum: 8c4aa6a3c5a754bf76aefc38026134180c053b7bd2f81338cb5e5ebf96fefa0f417bff221592bf801077f5bf990562f6264fecbc42cd3309b33872cb6fc3b113
  languageName: node
  linkType: hard

"typescript@npm:^4.7.2":
  version: 4.7.4
  resolution: "typescript@npm:4.7.4"
  bin:
    tsc: bin/tsc
    tsserver: bin/tsserver
  checksum: 5750181b1cd7e6482c4195825547e70f944114fb47e58e4aa7553e62f11b3f3173766aef9c281783edfd881f7b8299cf35e3ca8caebe73d8464528c907a164df
  languageName: node
  linkType: hard

"typescript@patch:typescript@^4.7.2#~builtin<compat/typescript>":
  version: 4.7.4
  resolution: "typescript@patch:typescript@npm%3A4.7.4#~builtin<compat/typescript>::version=4.7.4&hash=a1c5e5"
  bin:
    tsc: bin/tsc
    tsserver: bin/tsserver
  checksum: 9096d8f6c16cb80ef3bf96fcbbd055bf1c4a43bd14f3b7be45a9fbe7ada46ec977f604d5feed3263b4f2aa7d4c7477ce5f9cd87de0d6feedec69a983f3a4f93e
  languageName: node
  linkType: hard
