# This file is generated by running "yarn install" inside your project.
# Manual changes might be lost - proceed with caution!

__metadata:
  version: 6
  cacheKey: 8

"@noble/curves@npm:1.0.0":
  version: 1.0.0
  resolution: "@noble/curves@npm:1.0.0"
  dependencies:
    "@noble/hashes": 1.3.0
  checksum: 6bcef44d626c640dc8961819d68dd67dffb907e3b973b7c27efe0ecdd9a5c6ce62c7b9e3dfc930c66605dced7f1ec0514d191c09a2ce98d6d52b66e3315ffa79
  languageName: node
  linkType: hard

"@noble/hashes@npm:1.3.0":
  version: 1.3.0
  resolution: "@noble/hashes@npm:1.3.0"
  checksum: d7ddb6d7c60f1ce1f87facbbef5b724cdea536fc9e7f59ae96e0fc9de96c8f1a2ae2bdedbce10f7dcc621338dfef8533daa73c873f2b5c87fa1a4e05a95c2e2e
  languageName: node
  linkType: hard

"@polkadot/api-augment@npm:10.7.3":
  version: 10.7.3
  resolution: "@polkadot/api-augment@npm:10.7.3"
  dependencies:
    "@polkadot/api-base": 10.7.3
    "@polkadot/rpc-augment": 10.7.3
    "@polkadot/types": 10.7.3
    "@polkadot/types-augment": 10.7.3
    "@polkadot/types-codec": 10.7.3
    "@polkadot/util": ^12.2.1
    tslib: ^2.5.2
  checksum: f723f033a00b5635d94ceec20f8ba299c0bfa92132142392b686c58c50e44e6082e4946681035c727feb25ea8210ccd953aa5b8420af51d27a42a0ed134c4117
  languageName: node
  linkType: hard

"@polkadot/api-base@npm:10.7.3":
  version: 10.7.3
  resolution: "@polkadot/api-base@npm:10.7.3"
  dependencies:
    "@polkadot/rpc-core": 10.7.3
    "@polkadot/types": 10.7.3
    "@polkadot/util": ^12.2.1
    rxjs: ^7.8.1
    tslib: ^2.5.2
  checksum: f618fcb5d2b3aa20e9e3c13e081e464efc433ee12bda77c16b45899bcb496615e4e8d0ab651ed17f078d10d31f3bfee83225131f55a714a961f45d91208a3cda
  languageName: node
  linkType: hard

"@polkadot/api-derive@npm:10.7.3":
  version: 10.7.3
  resolution: "@polkadot/api-derive@npm:10.7.3"
  dependencies:
    "@polkadot/api": 10.7.3
    "@polkadot/api-augment": 10.7.3
    "@polkadot/api-base": 10.7.3
    "@polkadot/rpc-core": 10.7.3
    "@polkadot/types": 10.7.3
    "@polkadot/types-codec": 10.7.3
    "@polkadot/util": ^12.2.1
    "@polkadot/util-crypto": ^12.2.1
    rxjs: ^7.8.1
    tslib: ^2.5.2
  checksum: 61f0f6d85a4deb744747d7f2a0ae5e4a69ef29e823ae6819f1afb3e8ff2a7f93a40afec085531cda98039310fdfab24529408dcd04c3706e778c6a977ec84d74
  languageName: node
  linkType: hard

"@polkadot/api@npm:10.7.3, @polkadot/api@npm:^10.7.1":
  version: 10.7.3
  resolution: "@polkadot/api@npm:10.7.3"
  dependencies:
    "@polkadot/api-augment": 10.7.3
    "@polkadot/api-base": 10.7.3
    "@polkadot/api-derive": 10.7.3
    "@polkadot/keyring": ^12.2.1
    "@polkadot/rpc-augment": 10.7.3
    "@polkadot/rpc-core": 10.7.3
    "@polkadot/rpc-provider": 10.7.3
    "@polkadot/types": 10.7.3
    "@polkadot/types-augment": 10.7.3
    "@polkadot/types-codec": 10.7.3
    "@polkadot/types-create": 10.7.3
    "@polkadot/types-known": 10.7.3
    "@polkadot/util": ^12.2.1
    "@polkadot/util-crypto": ^12.2.1
    eventemitter3: ^5.0.1
    rxjs: ^7.8.1
    tslib: ^2.5.2
  checksum: f1080ceec0ea5ac91cf32972e15e3c91be348b603fbc6ce8ec58a145fd65efa183090e792c4e4def406704afa55992b86ee4ad9a41a238ae69d7e3dd7db4f08e
  languageName: node
  linkType: hard

"@polkadot/keyring@npm:^12.2.1":
  version: 12.2.1
  resolution: "@polkadot/keyring@npm:12.2.1"
  dependencies:
    "@polkadot/util": 12.2.1
    "@polkadot/util-crypto": 12.2.1
    tslib: ^2.5.0
  peerDependencies:
    "@polkadot/util": 12.2.1
    "@polkadot/util-crypto": 12.2.1
  checksum: 8f637cdec89ee66964f0017c26330dac734779b0eb60611ee01d292d99fb6de7b31c7c1054e1214c27c7f2edb65d5b17fcdb36348e556282efa33445630a77a7
  languageName: node
  linkType: hard

"@polkadot/networks@npm:12.2.1, @polkadot/networks@npm:^12.2.1":
  version: 12.2.1
  resolution: "@polkadot/networks@npm:12.2.1"
  dependencies:
    "@polkadot/util": 12.2.1
    "@substrate/ss58-registry": ^1.40.0
    tslib: ^2.5.0
  checksum: e3005a5c5045633784ffcf0dda91eb4aeab92dba30a255315743b2d49145c5b5c30edd1e997ecdb0c096d2423e1665fe44ad2c79be054b371a89bafdf2247950
  languageName: node
  linkType: hard

"@polkadot/rpc-augment@npm:10.7.3":
  version: 10.7.3
  resolution: "@polkadot/rpc-augment@npm:10.7.3"
  dependencies:
    "@polkadot/rpc-core": 10.7.3
    "@polkadot/types": 10.7.3
    "@polkadot/types-codec": 10.7.3
    "@polkadot/util": ^12.2.1
    tslib: ^2.5.2
  checksum: cfd96ab3823197cb1f0dba5da767683114b300fd5b2bfe6c2b10245ba8fe0616f42795a4fa524c9de990d23e65b82207b7c7ecf7cb99208802c675deb676f35d
  languageName: node
  linkType: hard

"@polkadot/rpc-core@npm:10.7.3":
  version: 10.7.3
  resolution: "@polkadot/rpc-core@npm:10.7.3"
  dependencies:
    "@polkadot/rpc-augment": 10.7.3
    "@polkadot/rpc-provider": 10.7.3
    "@polkadot/types": 10.7.3
    "@polkadot/util": ^12.2.1
    rxjs: ^7.8.1
    tslib: ^2.5.2
  checksum: 1dfc37686070372a132a6651b44d5dc031de51370f68db5ddcd256c346e5e8d718a89ba67e53d490a50aa8f00daf8098a7db714bed13d3dfba0c7868c8544aa9
  languageName: node
  linkType: hard

"@polkadot/rpc-provider@npm:10.7.3":
  version: 10.7.3
  resolution: "@polkadot/rpc-provider@npm:10.7.3"
  dependencies:
    "@polkadot/keyring": ^12.2.1
    "@polkadot/types": 10.7.3
    "@polkadot/types-support": 10.7.3
    "@polkadot/util": ^12.2.1
    "@polkadot/util-crypto": ^12.2.1
    "@polkadot/x-fetch": ^12.2.1
    "@polkadot/x-global": ^12.2.1
    "@polkadot/x-ws": ^12.2.1
    "@substrate/connect": 0.7.26
    eventemitter3: ^5.0.1
    mock-socket: ^9.2.1
    nock: ^13.3.1
    tslib: ^2.5.2
  dependenciesMeta:
    "@substrate/connect":
      optional: true
  checksum: e4c2987bab30a3f5693f6a3381e45dc13c638d438a38bf9b098cb7cf879f279ca8a0f5f070faf59472d00fda3d72470a6abaddf855fb60b221f77dc775a13505
  languageName: node
  linkType: hard

"@polkadot/types-augment@npm:10.7.3":
  version: 10.7.3
  resolution: "@polkadot/types-augment@npm:10.7.3"
  dependencies:
    "@polkadot/types": 10.7.3
    "@polkadot/types-codec": 10.7.3
    "@polkadot/util": ^12.2.1
    tslib: ^2.5.2
  checksum: 183323bc82d169a2de094039d498044fd6cfb66ad222f149d68d9ff45491c73954dc790fccb154f2820dfab8df685681d0f6116a6daaa2d4d947e0bce9dee821
  languageName: node
  linkType: hard

"@polkadot/types-codec@npm:10.7.3":
  version: 10.7.3
  resolution: "@polkadot/types-codec@npm:10.7.3"
  dependencies:
    "@polkadot/util": ^12.2.1
    "@polkadot/x-bigint": ^12.2.1
    tslib: ^2.5.2
  checksum: 4656e5a8104ea49276803f67f5687deb115e9880732dee00f470d54964a9de2a1c651c76363032db909cf559f3c32488e6cdd2f7a5eeb473896a68c0d45bc4f4
  languageName: node
  linkType: hard

"@polkadot/types-create@npm:10.7.3":
  version: 10.7.3
  resolution: "@polkadot/types-create@npm:10.7.3"
  dependencies:
    "@polkadot/types-codec": 10.7.3
    "@polkadot/util": ^12.2.1
    tslib: ^2.5.2
  checksum: 231c70e410fadfd264c03d03a5e4f9921b616796f7b8bffcbc18076bf1c818539f65cf307a4ad715b8e33c54a4838ecef268052460f9c3672dfe9ddcb76e8f10
  languageName: node
  linkType: hard

"@polkadot/types-known@npm:10.7.3":
  version: 10.7.3
  resolution: "@polkadot/types-known@npm:10.7.3"
  dependencies:
    "@polkadot/networks": ^12.2.1
    "@polkadot/types": 10.7.3
    "@polkadot/types-codec": 10.7.3
    "@polkadot/types-create": 10.7.3
    "@polkadot/util": ^12.2.1
    tslib: ^2.5.2
  checksum: 86e05b5d6407f76db27e2d2756225eb7ffc45ce3dc2fc2bdf16c33e88488ccabc282b45583a4d797ca20e6e412f81f82697960fe3249d1faa4001c5925ef0a9a
  languageName: node
  linkType: hard

"@polkadot/types-support@npm:10.7.3":
  version: 10.7.3
  resolution: "@polkadot/types-support@npm:10.7.3"
  dependencies:
    "@polkadot/util": ^12.2.1
    tslib: ^2.5.2
  checksum: 2ad88346a5c38479cdda318950be3f1f559060df23786c4f93048d4935586bfe7e96faea36b3f40168eb7380d78c4c96a7a08ff450b60bfe1146f4bcd26af531
  languageName: node
  linkType: hard

"@polkadot/types@npm:10.7.3":
  version: 10.7.3
  resolution: "@polkadot/types@npm:10.7.3"
  dependencies:
    "@polkadot/keyring": ^12.2.1
    "@polkadot/types-augment": 10.7.3
    "@polkadot/types-codec": 10.7.3
    "@polkadot/types-create": 10.7.3
    "@polkadot/util": ^12.2.1
    "@polkadot/util-crypto": ^12.2.1
    rxjs: ^7.8.1
    tslib: ^2.5.2
  checksum: 6ab5393ce7998de88c2206f01ebed7bb28f2ff08bf1eea6ff3d8dc04f1c8ba6f0a68cef10bc39fb8a76cc444f8bb9e5bfe61b63225e3bd9693785c8222f294cc
  languageName: node
  linkType: hard

"@polkadot/util-crypto@npm:12.2.1, @polkadot/util-crypto@npm:^12.2.1":
  version: 12.2.1
  resolution: "@polkadot/util-crypto@npm:12.2.1"
  dependencies:
    "@noble/curves": 1.0.0
    "@noble/hashes": 1.3.0
    "@polkadot/networks": 12.2.1
    "@polkadot/util": 12.2.1
    "@polkadot/wasm-crypto": ^7.2.1
    "@polkadot/wasm-util": ^7.2.1
    "@polkadot/x-bigint": 12.2.1
    "@polkadot/x-randomvalues": 12.2.1
    "@scure/base": 1.1.1
    tslib: ^2.5.0
  peerDependencies:
    "@polkadot/util": 12.2.1
  checksum: d999d791b8b4d5834dec6de6a1e957482211d11753a27b112eaeb0a59a4502fcd85ad8fbcc46e55609d6d797de6cec78af0f90983b33898b63506ff2f9167f90
  languageName: node
  linkType: hard

"@polkadot/util@npm:12.2.1, @polkadot/util@npm:^12.2.1":
  version: 12.2.1
  resolution: "@polkadot/util@npm:12.2.1"
  dependencies:
    "@polkadot/x-bigint": 12.2.1
    "@polkadot/x-global": 12.2.1
    "@polkadot/x-textdecoder": 12.2.1
    "@polkadot/x-textencoder": 12.2.1
    "@types/bn.js": ^5.1.1
    bn.js: ^5.2.1
    tslib: ^2.5.0
  checksum: 850f0c82ee9a76f2b3da78cd5d37568a045ee0b5da25f491f275290843b460eb383dc3c9058918522bf09f0c0e1acca67445ee49615c557e94f14c392048be40
  languageName: node
  linkType: hard

"@polkadot/wasm-bridge@npm:7.2.1":
  version: 7.2.1
  resolution: "@polkadot/wasm-bridge@npm:7.2.1"
  dependencies:
    "@polkadot/wasm-util": 7.2.1
    tslib: ^2.5.0
  peerDependencies:
    "@polkadot/util": "*"
    "@polkadot/x-randomvalues": "*"
  checksum: 6f4d255665f6c1552df9abcf8e99ee36b220c446c74e4da7ac21f3c578c3736695db41e816ef83226d98231c535df8daea6d2266c3090bdd8e7609fa87447de9
  languageName: node
  linkType: hard

"@polkadot/wasm-crypto-asmjs@npm:7.2.1":
  version: 7.2.1
  resolution: "@polkadot/wasm-crypto-asmjs@npm:7.2.1"
  dependencies:
    tslib: ^2.5.0
  peerDependencies:
    "@polkadot/util": "*"
  checksum: 9d7f2ac6f73cc2ed390941a35426763c73e6f20374eb11ed60b880a6f716c2773cb1fe1cddb9416ab669c75b25b7d99be25c8c91886bb676d6faf9b4658f8fd7
  languageName: node
  linkType: hard

"@polkadot/wasm-crypto-init@npm:7.2.1":
  version: 7.2.1
  resolution: "@polkadot/wasm-crypto-init@npm:7.2.1"
  dependencies:
    "@polkadot/wasm-bridge": 7.2.1
    "@polkadot/wasm-crypto-asmjs": 7.2.1
    "@polkadot/wasm-crypto-wasm": 7.2.1
    "@polkadot/wasm-util": 7.2.1
    tslib: ^2.5.0
  peerDependencies:
    "@polkadot/util": "*"
    "@polkadot/x-randomvalues": "*"
  checksum: 97105a9e846e97d9d678526e5dd1b491cd71e705c759a8ace9e0e9a54aa045b2b512bdcdd524ea6684963b6cb0fc0a44043d2198bc680c893e1feaaf4d860e76
  languageName: node
  linkType: hard

"@polkadot/wasm-crypto-wasm@npm:7.2.1":
  version: 7.2.1
  resolution: "@polkadot/wasm-crypto-wasm@npm:7.2.1"
  dependencies:
    "@polkadot/wasm-util": 7.2.1
    tslib: ^2.5.0
  peerDependencies:
    "@polkadot/util": "*"
  checksum: f000fab2fc682a4d4d2029b483701a64091b9be0d75df82f3337a48d65ffdac8d76c828f46810cb5aae6b9ec77bdf3963ae8b8668106ea9e5c0c19f57637655d
  languageName: node
  linkType: hard

"@polkadot/wasm-crypto@npm:^7.2.1":
  version: 7.2.1
  resolution: "@polkadot/wasm-crypto@npm:7.2.1"
  dependencies:
    "@polkadot/wasm-bridge": 7.2.1
    "@polkadot/wasm-crypto-asmjs": 7.2.1
    "@polkadot/wasm-crypto-init": 7.2.1
    "@polkadot/wasm-crypto-wasm": 7.2.1
    "@polkadot/wasm-util": 7.2.1
    tslib: ^2.5.0
  peerDependencies:
    "@polkadot/util": "*"
    "@polkadot/x-randomvalues": "*"
  checksum: f42f2bc34cf76d1438893f72a233080196c9a95dd3c53444f582150c7f56b75c80b8b8b9b4a3d9015438a6f7438c6e40def46b1fe7ce3a367bcd280f2bf29c98
  languageName: node
  linkType: hard

"@polkadot/wasm-util@npm:7.2.1, @polkadot/wasm-util@npm:^7.2.1":
  version: 7.2.1
  resolution: "@polkadot/wasm-util@npm:7.2.1"
  dependencies:
    tslib: ^2.5.0
  peerDependencies:
    "@polkadot/util": "*"
  checksum: 8df30296664807c27b01d37a3e9f124fdc22aef61e633b1a538a7c533f485a2aa756c43e67aac8d0c8383273432783b78e5528c5bc1ffcf508e7faaa5009e618
  languageName: node
  linkType: hard

"@polkadot/x-bigint@npm:12.2.1, @polkadot/x-bigint@npm:^12.2.1":
  version: 12.2.1
  resolution: "@polkadot/x-bigint@npm:12.2.1"
  dependencies:
    "@polkadot/x-global": 12.2.1
    tslib: ^2.5.0
  checksum: 2e1603f576654876e38e84bbea16d6206cfad58b58de0ab70bd9a5e86a20e903cae3e271f4b247f3d9fbecbe8475f40866c0bbacb7700c01be732f9b85ec6d81
  languageName: node
  linkType: hard

"@polkadot/x-fetch@npm:^12.2.1":
  version: 12.2.1
  resolution: "@polkadot/x-fetch@npm:12.2.1"
  dependencies:
    "@polkadot/x-global": 12.2.1
    node-fetch: ^3.3.1
    tslib: ^2.5.0
  checksum: 55650b38ff9a119dbcc22e9c040376859e1716b9e9d955501feeee9e16f5814467a5bfeb5f34c0d3a62d39a36d51aa65defaa7e0401c36c440adacbf2302fd10
  languageName: node
  linkType: hard

"@polkadot/x-global@npm:12.2.1, @polkadot/x-global@npm:^12.2.1":
  version: 12.2.1
  resolution: "@polkadot/x-global@npm:12.2.1"
  dependencies:
    tslib: ^2.5.0
  checksum: 49b784d20014b86616ff6ad02bd8680b685d1a004ad91476cc4c3cd08ecdc4d50d98bc141a6dfc80411301147aac68a36a09ae338002772afa3a6a8fdcb8e672
  languageName: node
  linkType: hard

"@polkadot/x-randomvalues@npm:12.2.1":
  version: 12.2.1
  resolution: "@polkadot/x-randomvalues@npm:12.2.1"
  dependencies:
    "@polkadot/x-global": 12.2.1
    tslib: ^2.5.0
  peerDependencies:
    "@polkadot/util": 12.2.1
    "@polkadot/wasm-util": "*"
  checksum: c4d2dd9ed672221e58fc08a18a5876b4c680c6355297582851a41164d8fcfdedec88fabe16e23e62612e50963fef7e3cf4c250233487422d2c647b66547cfa5a
  languageName: node
  linkType: hard

"@polkadot/x-textdecoder@npm:12.2.1":
  version: 12.2.1
  resolution: "@polkadot/x-textdecoder@npm:12.2.1"
  dependencies:
    "@polkadot/x-global": 12.2.1
    tslib: ^2.5.0
  checksum: 0e20a59e9bc7738c7ad8f5be082bd1e26269e9f5128868df86f13e7eee93e488eff642868009501b242fceed397ad577e42e6ab07caef3c813f930a60ad422a2
  languageName: node
  linkType: hard

"@polkadot/x-textencoder@npm:12.2.1":
  version: 12.2.1
  resolution: "@polkadot/x-textencoder@npm:12.2.1"
  dependencies:
    "@polkadot/x-global": 12.2.1
    tslib: ^2.5.0
  checksum: 61d14f5c998baf2e896487a89b0eb4dd884bc88a05aa7a716cfd872029883c26cd3b790c920061d7b190e9a13a2a4b2a9c5b19de516ef4d0c369e119f9da445d
  languageName: node
  linkType: hard

"@polkadot/x-ws@npm:^12.2.1":
  version: 12.2.1
  resolution: "@polkadot/x-ws@npm:12.2.1"
  dependencies:
    "@polkadot/x-global": 12.2.1
    tslib: ^2.5.0
    ws: ^8.13.0
  checksum: 9fb10693ee7317a3c34b0c66f7c9c5f24bb595818473686d9bf6ece0b8bb7ee11047585482ecdaa52770e52a53f2e306d1f6e769f68b3d9b65793aed72b34058
  languageName: node
  linkType: hard

"@scure/base@npm:1.1.1":
  version: 1.1.1
  resolution: "@scure/base@npm:1.1.1"
  checksum: b4fc810b492693e7e8d0107313ac74c3646970c198bbe26d7332820886fa4f09441991023ec9aa3a2a51246b74409ab5ebae2e8ef148bbc253da79ac49130309
  languageName: node
  linkType: hard

"@substrate/connect-extension-protocol@npm:^1.0.1":
  version: 1.0.1
  resolution: "@substrate/connect-extension-protocol@npm:1.0.1"
  checksum: 116dee587e81e832e14c25038bd849438c9493c6089aa6c1bf1760780d463880d44d362ed983d57ac3695368ac46f3c9df3dbaed92f36de89626c9735cecd1e4
  languageName: node
  linkType: hard

"@substrate/connect@npm:0.7.26":
  version: 0.7.26
  resolution: "@substrate/connect@npm:0.7.26"
  dependencies:
    "@substrate/connect-extension-protocol": ^1.0.1
    eventemitter3: ^4.0.7
    smoldot: 1.0.4
  checksum: 3179d241f073318d5973deb61c9c8d9b89ae28909a594b6b9fbcdfffd030a70ba58e8428eaa9d72484810bad10c93de1ad9c440b878d0fcfaaf4559d2e6f4502
  languageName: node
  linkType: hard

"@substrate/ss58-registry@npm:^1.40.0":
  version: 1.40.0
  resolution: "@substrate/ss58-registry@npm:1.40.0"
  checksum: 474cb16b350e95fa7ca1020b70c6885c5c3d739472f506d175f24e9fd5a6d337d3c7e7a7fa44962199ed03fffb5d3b44b8af79a9811cb55ec34b3b75bb8e7f97
  languageName: node
  linkType: hard

"@substrate/txwrapper-core@npm:^6.0.1":
  version: 6.0.1
  resolution: "@substrate/txwrapper-core@npm:6.0.1"
  dependencies:
    "@polkadot/api": ^10.7.1
    "@polkadot/keyring": ^12.2.1
    memoizee: 0.4.15
  checksum: 8f1e4e28a3359fc04a42ea89159eea9aff378cd9f95ffbb43246bc5d8fe59319a7c15423513b6f95a127cb760dddd3cffc8d66a1d0de1fcabdec2ddaa21c78c3
  languageName: node
  linkType: hard

"@types/bn.js@npm:^5.1.1":
  version: 5.1.1
  resolution: "@types/bn.js@npm:5.1.1"
  dependencies:
    "@types/node": "*"
  checksum: e50ed2dd3abe997e047caf90e0352c71e54fc388679735217978b4ceb7e336e51477791b715f49fd77195ac26dd296c7bad08a3be9750e235f9b2e1edb1b51c2
  languageName: node
  linkType: hard

"@types/node@npm:*":
  version: 20.2.5
  resolution: "@types/node@npm:20.2.5"
  checksum: 38ce7c7e9d76880dc632f71d71e0d5914fcda9d5e9a7095d6c339abda55ca4affb0f2a882aeb29398f8e09d2c5151f0b6586c81c8ccdfe529c34b1ea3337425e
  languageName: node
  linkType: hard

"bn.js@npm:^5.2.1":
  version: 5.2.1
  resolution: "bn.js@npm:5.2.1"
  checksum: 3dd8c8d38055fedfa95c1d5fc3c99f8dd547b36287b37768db0abab3c239711f88ff58d18d155dd8ad902b0b0cee973747b7ae20ea12a09473272b0201c9edd3
  languageName: node
  linkType: hard

"d@npm:1, d@npm:^1.0.1":
  version: 1.0.1
  resolution: "d@npm:1.0.1"
  dependencies:
    es5-ext: ^0.10.50
    type: ^1.0.1
  checksum: 49ca0639c7b822db670de93d4fbce44b4aa072cd848c76292c9978a8cd0fff1028763020ff4b0f147bd77bfe29b4c7f82e0f71ade76b2a06100543cdfd948d19
  languageName: node
  linkType: hard

"data-uri-to-buffer@npm:^4.0.0":
  version: 4.0.1
  resolution: "data-uri-to-buffer@npm:4.0.1"
  checksum: 0d0790b67ffec5302f204c2ccca4494f70b4e2d940fea3d36b09f0bb2b8539c2e86690429eb1f1dc4bcc9e4df0644193073e63d9ee48ac9fce79ec1506e4aa4c
  languageName: node
  linkType: hard

"debug@npm:^4.1.0":
  version: 4.3.4
  resolution: "debug@npm:4.3.4"
  dependencies:
    ms: 2.1.2
  peerDependenciesMeta:
    supports-color:
      optional: true
  checksum: 3dbad3f94ea64f34431a9cbf0bafb61853eda57bff2880036153438f50fb5a84f27683ba0d8e5426bf41a8c6ff03879488120cf5b3a761e77953169c0600a708
  languageName: node
  linkType: hard

"es5-ext@npm:^0.10.35, es5-ext@npm:^0.10.46, es5-ext@npm:^0.10.50, es5-ext@npm:^0.10.53, es5-ext@npm:~0.10.14, es5-ext@npm:~0.10.2, es5-ext@npm:~0.10.46":
  version: 0.10.62
  resolution: "es5-ext@npm:0.10.62"
  dependencies:
    es6-iterator: ^2.0.3
    es6-symbol: ^3.1.3
    next-tick: ^1.1.0
  checksum: 25f42f6068cfc6e393cf670bc5bba249132c5f5ec2dd0ed6e200e6274aca2fed8e9aec8a31c76031744c78ca283c57f0b41c7e737804c6328c7b8d3fbcba7983
  languageName: node
  linkType: hard

"es6-iterator@npm:^2.0.3":
  version: 2.0.3
  resolution: "es6-iterator@npm:2.0.3"
  dependencies:
    d: 1
    es5-ext: ^0.10.35
    es6-symbol: ^3.1.1
  checksum: 6e48b1c2d962c21dee604b3d9f0bc3889f11ed5a8b33689155a2065d20e3107e2a69cc63a71bd125aeee3a589182f8bbcb5c8a05b6a8f38fa4205671b6d09697
  languageName: node
  linkType: hard

"es6-symbol@npm:^3.1.1, es6-symbol@npm:^3.1.3":
  version: 3.1.3
  resolution: "es6-symbol@npm:3.1.3"
  dependencies:
    d: ^1.0.1
    ext: ^1.1.2
  checksum: cd49722c2a70f011eb02143ef1c8c70658d2660dead6641e160b94619f408b9cf66425515787ffe338affdf0285ad54f4eae30ea5bd510e33f8659ec53bcaa70
  languageName: node
  linkType: hard

"es6-weak-map@npm:^2.0.3":
  version: 2.0.3
  resolution: "es6-weak-map@npm:2.0.3"
  dependencies:
    d: 1
    es5-ext: ^0.10.46
    es6-iterator: ^2.0.3
    es6-symbol: ^3.1.1
  checksum: 19ca15f46d50948ce78c2da5f21fb5b1ef45addd4fe17b5df952ff1f2a3d6ce4781249bc73b90995257264be2a98b2ec749bb2aba0c14b5776a1154178f9c927
  languageName: node
  linkType: hard

"event-emitter@npm:^0.3.5":
  version: 0.3.5
  resolution: "event-emitter@npm:0.3.5"
  dependencies:
    d: 1
    es5-ext: ~0.10.14
  checksum: 27c1399557d9cd7e0aa0b366c37c38a4c17293e3a10258e8b692a847dd5ba9fb90429c3a5a1eeff96f31f6fa03ccbd31d8ad15e00540b22b22f01557be706030
  languageName: node
  linkType: hard

"eventemitter3@npm:^4.0.7":
  version: 4.0.7
  resolution: "eventemitter3@npm:4.0.7"
  checksum: 1875311c42fcfe9c707b2712c32664a245629b42bb0a5a84439762dd0fd637fc54d078155ea83c2af9e0323c9ac13687e03cfba79b03af9f40c89b4960099374
  languageName: node
  linkType: hard

"eventemitter3@npm:^5.0.1":
  version: 5.0.1
  resolution: "eventemitter3@npm:5.0.1"
  checksum: 543d6c858ab699303c3c32e0f0f47fc64d360bf73c3daf0ac0b5079710e340d6fe9f15487f94e66c629f5f82cd1a8678d692f3dbb6f6fcd1190e1b97fcad36f8
  languageName: node
  linkType: hard

"ext@npm:^1.1.2":
  version: 1.7.0
  resolution: "ext@npm:1.7.0"
  dependencies:
    type: ^2.7.2
  checksum: ef481f9ef45434d8c867cfd09d0393b60945b7c8a1798bedc4514cb35aac342ccb8d8ecb66a513e6a2b4ec1e294a338e3124c49b29736f8e7c735721af352c31
  languageName: node
  linkType: hard

"fetch-blob@npm:^3.1.2, fetch-blob@npm:^3.1.4":
  version: 3.2.0
  resolution: "fetch-blob@npm:3.2.0"
  dependencies:
    node-domexception: ^1.0.0
    web-streams-polyfill: ^3.0.3
  checksum: f19bc28a2a0b9626e69fd7cf3a05798706db7f6c7548da657cbf5026a570945f5eeaedff52007ea35c8bcd3d237c58a20bf1543bc568ab2422411d762dd3d5bf
  languageName: node
  linkType: hard

"formdata-polyfill@npm:^4.0.10":
  version: 4.0.10
  resolution: "formdata-polyfill@npm:4.0.10"
  dependencies:
    fetch-blob: ^3.1.2
  checksum: 82a34df292afadd82b43d4a740ce387bc08541e0a534358425193017bf9fb3567875dc5f69564984b1da979979b70703aa73dee715a17b6c229752ae736dd9db
  languageName: node
  linkType: hard

"is-promise@npm:^2.2.2":
  version: 2.2.2
  resolution: "is-promise@npm:2.2.2"
  checksum: 18bf7d1c59953e0ad82a1ed963fb3dc0d135c8f299a14f89a17af312fc918373136e56028e8831700e1933519630cc2fd4179a777030330fde20d34e96f40c78
  languageName: node
  linkType: hard

"json-stringify-safe@npm:^5.0.1":
  version: 5.0.1
  resolution: "json-stringify-safe@npm:5.0.1"
  checksum: 48ec0adad5280b8a96bb93f4563aa1667fd7a36334f79149abd42446d0989f2ddc58274b479f4819f1f00617957e6344c886c55d05a4e15ebb4ab931e4a6a8ee
  languageName: node
  linkType: hard

"lodash@npm:^4.17.21":
  version: 4.17.21
  resolution: "lodash@npm:4.17.21"
  checksum: eb835a2e51d381e561e508ce932ea50a8e5a68f4ebdd771ea240d3048244a8d13658acbd502cd4829768c56f2e16bdd4340b9ea141297d472517b83868e677f7
  languageName: node
  linkType: hard

"lru-queue@npm:^0.1.0":
  version: 0.1.0
  resolution: "lru-queue@npm:0.1.0"
  dependencies:
    es5-ext: ~0.10.2
  checksum: 7f2c53c5e7f2de20efb6ebb3086b7aea88d6cf9ae91ac5618ece974122960c4e8ed04988e81d92c3e63d60b12c556b14d56ef7a9c5a4627b23859b813e39b1a2
  languageName: node
  linkType: hard

"memoizee@npm:0.4.15":
  version: 0.4.15
  resolution: "memoizee@npm:0.4.15"
  dependencies:
    d: ^1.0.1
    es5-ext: ^0.10.53
    es6-weak-map: ^2.0.3
    event-emitter: ^0.3.5
    is-promise: ^2.2.2
    lru-queue: ^0.1.0
    next-tick: ^1.1.0
    timers-ext: ^0.1.7
  checksum: 4065d94416dbadac56edf5947bf342beca0e9f051f33ad60d7c4baf3f6ca0f3c6fdb770c5caed5a89c0ceaf9121428582f396445d591785281383d60aa883418
  languageName: node
  linkType: hard

"mock-socket@npm:^9.2.1":
  version: 9.2.1
  resolution: "mock-socket@npm:9.2.1"
  checksum: daf07689563163dbcefbefe23b2a9784a75d0af31706f23ad535c6ab2abbcdefa2e91acddeb50a3c39009139e47a8f909cbb38e8137452193ccb9331637fee3e
  languageName: node
  linkType: hard

"ms@npm:2.1.2":
  version: 2.1.2
  resolution: "ms@npm:2.1.2"
  checksum: 673cdb2c3133eb050c745908d8ce632ed2c02d85640e2edb3ace856a2266a813b30c613569bf3354fdf4ea7d1a1494add3bfa95e2713baa27d0c2c71fc44f58f
  languageName: node
  linkType: hard

"next-tick@npm:1, next-tick@npm:^1.1.0":
  version: 1.1.0
  resolution: "next-tick@npm:1.1.0"
  checksum: 83b5cf36027a53ee6d8b7f9c0782f2ba87f4858d977342bfc3c20c21629290a2111f8374d13a81221179603ffc4364f38374b5655d17b6a8f8a8c77bdea4fe8b
  languageName: node
  linkType: hard

"nock@npm:^13.3.1":
  version: 13.3.1
  resolution: "nock@npm:13.3.1"
  dependencies:
    debug: ^4.1.0
    json-stringify-safe: ^5.0.1
    lodash: ^4.17.21
    propagate: ^2.0.0
  checksum: 0f2a73e8432f6b5650656c53eef99f9e5bbde3df538dc2f07057edc4438cfc61a394c9d06dd82e60f6e86d42433f20f3c04364a1f088beee7bf03a24e3f0fdd0
  languageName: node
  linkType: hard

"node-domexception@npm:^1.0.0":
  version: 1.0.0
  resolution: "node-domexception@npm:1.0.0"
  checksum: ee1d37dd2a4eb26a8a92cd6b64dfc29caec72bff5e1ed9aba80c294f57a31ba4895a60fd48347cf17dd6e766da0ae87d75657dfd1f384ebfa60462c2283f5c7f
  languageName: node
  linkType: hard

"node-fetch@npm:^3.3.1":
  version: 3.3.1
  resolution: "node-fetch@npm:3.3.1"
  dependencies:
    data-uri-to-buffer: ^4.0.0
    fetch-blob: ^3.1.4
    formdata-polyfill: ^4.0.10
  checksum: 62145fd3ba4770a76110bc31fdc0054ab2f5442b5ce96e9c4b39fc9e94a3d305560eec76e1165d9259eab866e02a8eecf9301062bb5dfc9f08a4d08b69d223dd
  languageName: node
  linkType: hard

"pako@npm:^2.0.4":
  version: 2.1.0
  resolution: "pako@npm:2.1.0"
  checksum: 71666548644c9a4d056bcaba849ca6fd7242c6cf1af0646d3346f3079a1c7f4a66ffec6f7369ee0dc88f61926c10d6ab05da3e1fca44b83551839e89edd75a3e
  languageName: node
  linkType: hard

"propagate@npm:^2.0.0":
  version: 2.0.1
  resolution: "propagate@npm:2.0.1"
  checksum: c4febaee2be0979e82fb6b3727878fd122a98d64a7fa3c9d09b0576751b88514a9e9275b1b92e76b364d488f508e223bd7e1dcdc616be4cdda876072fbc2a96c
  languageName: node
  linkType: hard

"rxjs@npm:^7.8.1":
  version: 7.8.1
  resolution: "rxjs@npm:7.8.1"
  dependencies:
    tslib: ^2.1.0
  checksum: de4b53db1063e618ec2eca0f7965d9137cabe98cf6be9272efe6c86b47c17b987383df8574861bcced18ebd590764125a901d5506082be84a8b8e364bf05f119
  languageName: node
  linkType: hard

"smoldot@npm:1.0.4":
  version: 1.0.4
  resolution: "smoldot@npm:1.0.4"
  dependencies:
    pako: ^2.0.4
    ws: ^8.8.1
  checksum: 81ecc38b98f7ac4dd093753e85956262608dca3c8a288c20a25fe1762a6afcdbe6f3622ea30a346df3f4145e0900ef0595e56e96e9e0de83c59f0649d1ab4786
  languageName: node
  linkType: hard

"timers-ext@npm:^0.1.7":
  version: 0.1.7
  resolution: "timers-ext@npm:0.1.7"
  dependencies:
    es5-ext: ~0.10.46
    next-tick: 1
  checksum: ef3f27a0702a88d885bcbb0317c3e3ecd094ce644da52e7f7d362394a125d9e3578292a8f8966071a980d8abbc3395725333b1856f3ae93835b46589f700d938
  languageName: node
  linkType: hard

"tslib@npm:^2.1.0, tslib@npm:^2.5.0, tslib@npm:^2.5.2":
  version: 2.5.2
  resolution: "tslib@npm:2.5.2"
  checksum: 4d3c1e238b94127ed0e88aa0380db3c2ddae581dc0f4bae5a982345e9f50ee5eda90835b8bfba99b02df10a5734470be197158c36f9129ac49fdc14a6a9da222
  languageName: node
  linkType: hard

"txwrapper@workspace:.":
  version: 0.0.0-use.local
  resolution: "txwrapper@workspace:."
  dependencies:
    "@substrate/txwrapper-core": ^6.0.1
  languageName: unknown
  linkType: soft

"type@npm:^1.0.1":
  version: 1.2.0
  resolution: "type@npm:1.2.0"
  checksum: dae8c64f82c648b985caf321e9dd6e8b7f4f2e2d4f846fc6fd2c8e9dc7769382d8a52369ddbaccd59aeeceb0df7f52fb339c465be5f2e543e81e810e413451ee
  languageName: node
  linkType: hard

"type@npm:^2.7.2":
  version: 2.7.2
  resolution: "type@npm:2.7.2"
  checksum: 0f42379a8adb67fe529add238a3e3d16699d95b42d01adfe7b9a7c5da297f5c1ba93de39265ba30ffeb37dfd0afb3fb66ae09f58d6515da442219c086219f6f4
  languageName: node
  linkType: hard

"web-streams-polyfill@npm:^3.0.3":
  version: 3.2.1
  resolution: "web-streams-polyfill@npm:3.2.1"
  checksum: b119c78574b6d65935e35098c2afdcd752b84268e18746606af149e3c424e15621b6f1ff0b42b2676dc012fc4f0d313f964b41a4b5031e525faa03997457da02
  languageName: node
  linkType: hard

"ws@npm:^8.13.0, ws@npm:^8.8.1":
  version: 8.13.0
  resolution: "ws@npm:8.13.0"
  peerDependencies:
    bufferutil: ^4.0.1
    utf-8-validate: ">=5.0.2"
  peerDependenciesMeta:
    bufferutil:
      optional: true
    utf-8-validate:
      optional: true
  checksum: 53e991bbf928faf5dc6efac9b8eb9ab6497c69feeb94f963d648b7a3530a720b19ec2e0ec037344257e05a4f35bd9ad04d9de6f289615ffb133282031b18c61c
  languageName: node
  linkType: hard
